// !$*UTF8*$!
{
	archiveVersion = 1;
	classes = {
	};
	objectVersion = 77;
	objects = {

/* Begin PBXBuildFile section */
		A48549E72F912DC000663540 /* WidgetKit.framework in Frameworks */ = {isa = PBXBuildFile; fileRef = A48549E62F912DC000663540 /* WidgetKit.framework */; };
		A48549E92F912DC000663540 /* SwiftUI.framework in Frameworks */ = {isa = PBXBuildFile; fileRef = A48549E82F912DC000663540 /* SwiftUI.framework */; };
		A48549F62F912DC100663540 /* ShoppingReminderWidgetExtension.appex in Embed Foundation Extensions */ = {isa = PBXBuildFile; fileRef = A48549E52F912DC000663540 /* ShoppingReminderWidgetExtension.appex */; settings = {ATTRIBUTES = (RemoveHeadersOnCopy, ); }; };
		A4C1FA332F8FC2AF0057BC3F /* Supabase in Frameworks */ = {isa = PBXBuildFile; productRef = A4C1FA322F8FC2AF0057BC3F /* Supabase */; };
/* End PBXBuildFile section */

/* Begin PBXContainerItemProxy section */
		A48549F42F912DC100663540 /* PBXContainerItemProxy */ = {
			isa = PBXContainerItemProxy;
			containerPortal = A4C1F9E62F8FBBA20057BC3F /* Project object */;
			proxyType = 1;
			remoteGlobalIDString = A48549E42F912DC000663540;
			remoteInfo = ShoppingReminderWidgetExtension;
		};
		A4C1F9FC2F8FBBA30057BC3F /* PBXContainerItemProxy */ = {
			isa = PBXContainerItemProxy;
			containerPortal = A4C1F9E62F8FBBA20057BC3F /* Project object */;
			proxyType = 1;
			remoteGlobalIDString = A4C1F9ED2F8FBBA20057BC3F;
			remoteInfo = ShoppingReminder;
		};
		A4C1FA062F8FBBA30057BC3F /* PBXContainerItemProxy */ = {
			isa = PBXContainerItemProxy;
			containerPortal = A4C1F9E62F8FBBA20057BC3F /* Project object */;
			proxyType = 1;
			remoteGlobalIDString = A4C1F9ED2F8FBBA20057BC3F;
			remoteInfo = ShoppingReminder;
		};
/* End PBXContainerItemProxy section */

/* Begin PBXCopyFilesBuildPhase section */
		A48549FB2F912DC100663540 /* Embed Foundation Extensions */ = {
			isa = PBXCopyFilesBuildPhase;
			buildActionMask = 2147483647;
			dstPath = "";
			dstSubfolderSpec = 13;
			files = (
				A48549F62F912DC100663540 /* ShoppingReminderWidgetExtension.appex in Embed Foundation Extensions */,
			);
			name = "Embed Foundation Extensions";
			runOnlyForDeploymentPostprocessing = 0;
		};
/* End PBXCopyFilesBuildPhase section */

/* Begin PBXFileReference section */
		A48549E52F912DC000663540 /* ShoppingReminderWidgetExtension.appex */ = {isa = PBXFileReference; explicitFileType = "wrapper.app-extension"; includeInIndex = 0; path = ShoppingReminderWidgetExtension.appex; sourceTree = BUILT_PRODUCTS_DIR; };
		A48549E62F912DC000663540 /* WidgetKit.framework */ = {isa = PBXFileReference; lastKnownFileType = wrapper.framework; name = WidgetKit.framework; path = System/Library/Frameworks/WidgetKit.framework; sourceTree = SDKROOT; };
		A48549E82F912DC000663540 /* SwiftUI.framework */ = {isa = PBXFileReference; lastKnownFileType = wrapper.framework; name = SwiftUI.framework; path = System/Library/Frameworks/SwiftUI.framework; sourceTree = SDKROOT; };
		A48549FF2F9133F200663540 /* ShoppingReminderWidgetExtension.entitlements */ = {isa = PBXFileReference; lastKnownFileType = text.plist.entitlements; path = ShoppingReminderWidgetExtension.entitlements; sourceTree = "<group>"; };
		A4C1F9EE2F8FBBA20057BC3F /* ShoppingReminder.app */ = {isa = PBXFileReference; explicitFileType = wrapper.application; includeInIndex = 0; path = ShoppingReminder.app; sourceTree = BUILT_PRODUCTS_DIR; };
		A4C1F9FB2F8FBBA30057BC3F /* ShoppingReminderTests.xctest */ = {isa = PBXFileReference; explicitFileType = wrapper.cfbundle; includeInIndex = 0; path = ShoppingReminderTests.xctest; sourceTree = BUILT_PRODUCTS_DIR; };
		A4C1FA052F8FBBA30057BC3F /* ShoppingReminderUITests.xctest */ = {isa = PBXFileReference; explicitFileType = wrapper.cfbundle; includeInIndex = 0; path = ShoppingReminderUITests.xctest; sourceTree = BUILT_PRODUCTS_DIR; };
/* End PBXFileReference section */

/* Begin PBXFileSystemSynchronizedBuildFileExceptionSet section */
		A48549F72F912DC100663540 /* Exceptions for "ShoppingReminderWidget" folder in "ShoppingReminderWidgetExtension" target */ = {
			isa = PBXFileSystemSynchronizedBuildFileExceptionSet;
			membershipExceptions = (
				Info.plist,
			);
			target = A48549E42F912DC000663540 /* ShoppingReminderWidgetExtension */;
		};
		A49143B72F9E585D00A617F9 /* Exceptions for "ShoppingReminder" folder in "ShoppingReminder" target */ = {
			isa = PBXFileSystemSynchronizedBuildFileExceptionSet;
			membershipExceptions = (
				Info.plist,
			);
			target = A4C1F9ED2F8FBBA20057BC3F /* ShoppingReminder */;
		};
/* End PBXFileSystemSynchronizedBuildFileExceptionSet section */

/* Begin PBXFileSystemSynchronizedRootGroup section */
		A48549EA2F912DC000663540 /* ShoppingReminderWidget */ = {
			isa = PBXFileSystemSynchronizedRootGroup;
			exceptions = (
				A48549F72F912DC100663540 /* Exceptions for "ShoppingReminderWidget" folder in "ShoppingReminderWidgetExtension" target */,
			);
			path = ShoppingReminderWidget;
			sourceTree = "<group>";
		};
		A4C1F9F02F8FBBA20057BC3F /* ShoppingReminder */ = {
			isa = PBXFileSystemSynchronizedRootGroup;
			exceptions = (
				A49143B72F9E585D00A617F9 /* Exceptions for "ShoppingReminder" folder in "ShoppingReminder" target */,
			);
			path = ShoppingReminder;
			sourceTree = "<group>";
		};
		A4C1F9FE2F8FBBA30057BC3F /* ShoppingReminderTests */ = {
			isa = PBXFileSystemSynchronizedRootGroup;
			path = ShoppingReminderTests;
			sourceTree = "<group>";
		};
		A4C1FA082F8FBBA30057BC3F /* ShoppingReminderUITests */ = {
			isa = PBXFileSystemSynchronizedRootGroup;
			path = ShoppingReminderUITests;
			sourceTree = "<group>";
		};
/* End PBXFileSystemSynchronizedRootGroup section */

/* Begin PBXFrameworksBuildPhase section */
		A48549E22F912DC000663540 /* Frameworks */ = {
			isa = PBXFrameworksBuildPhase;
			buildActionMask = 2147483647;
			files = (
				A48549E92F912DC000663540 /* SwiftUI.framework in Frameworks */,
				A48549E72F912DC000663540 /* WidgetKit.framework in Frameworks */,
			);
			runOnlyForDeploymentPostprocessing = 0;
		};
		A4C1F9EB2F8FBBA20057BC3F /* Frameworks */ = {
			isa = PBXFrameworksBuildPhase;
			buildActionMask = 2147483647;
			files = (
				A4C1FA332F8FC2AF0057BC3F /* Supabase in Frameworks */,
			);
			runOnlyForDeploymentPostprocessing = 0;
		};
		A4C1F9F82F8FBBA30057BC3F /* Frameworks */ = {
			isa = PBXFrameworksBuildPhase;
			buildActionMask = 2147483647;
			files = (
			);
			runOnlyForDeploymentPostprocessing = 0;
		};
		A4C1FA022F8FBBA30057BC3F /* Frameworks */ = {
			isa = PBXFrameworksBuildPhase;
			buildActionMask = 2147483647;
			files = (
			);
			runOnlyForDeploymentPostprocessing = 0;
		};
/* End PBXFrameworksBuildPhase section */

/* Begin PBXGroup section */
		A4C1F9E52F8FBBA20057BC3F = {
			isa = PBXGroup;
			children = (
				A48549FF2F9133F200663540 /* ShoppingReminderWidgetExtension.entitlements */,
				A4C1F9F02F8FBBA20057BC3F /* ShoppingReminder */,
				A4C1F9FE2F8FBBA30057BC3F /* ShoppingReminderTests */,
				A4C1FA082F8FBBA30057BC3F /* ShoppingReminderUITests */,
				A48549EA2F912DC000663540 /* ShoppingReminderWidget */,
				A4C1FA312F8FC2AF0057BC3F /* Frameworks */,
				A4C1F9EF2F8FBBA20057BC3F /* Products */,
			);
			sourceTree = "<group>";
		};
		A4C1F9EF2F8FBBA20057BC3F /* Products */ = {
			isa = PBXGroup;
			children = (
				A4C1F9EE2F8FBBA20057BC3F /* ShoppingReminder.app */,
				A4C1F9FB2F8FBBA30057BC3F /* ShoppingReminderTests.xctest */,
				A4C1FA052F8FBBA30057BC3F /* ShoppingReminderUITests.xctest */,
				A48549E52F912DC000663540 /* ShoppingReminderWidgetExtension.appex */,
			);
			name = Products;
			sourceTree = "<group>";
		};
		A4C1FA312F8FC2AF0057BC3F /* Frameworks */ = {
			isa = PBXGroup;
			children = (
				A48549E62F912DC000663540 /* WidgetKit.framework */,
				A48549E82F912DC000663540 /* SwiftUI.framework */,
			);
			name = Frameworks;
			sourceTree = "<group>";
		};
/* End PBXGroup section */

/* Begin PBXNativeTarget section */
		A48549E42F912DC000663540 /* ShoppingReminderWidgetExtension */ = {
			isa = PBXNativeTarget;
			buildConfigurationList = A48549F82F912DC100663540 /* Build configuration list for PBXNativeTarget "ShoppingReminderWidgetExtension" */;
			buildPhases = (
				A48549E12F912DC000663540 /* Sources */,
				A48549E22F912DC000663540 /* Frameworks */,
				A48549E32F912DC000663540 /* Resources */,
			);
			buildRules = (
			);
			dependencies = (
			);
			fileSystemSynchronizedGroups = (
				A48549EA2F912DC000663540 /* ShoppingReminderWidget */,
			);
			name = ShoppingReminderWidgetExtension;
			packageProductDependencies = (
			);
			productName = ShoppingReminderWidgetExtension;
			productReference = A48549E52F912DC000663540 /* ShoppingReminderWidgetExtension.appex */;
			productType = "com.apple.product-type.app-extension";
		};
		A4C1F9ED2F8FBBA20057BC3F /* ShoppingReminder */ = {
			isa = PBXNativeTarget;
			buildConfigurationList = A4C1FA0F2F8FBBA30057BC3F /* Build configuration list for PBXNativeTarget "ShoppingReminder" */;
			buildPhases = (
				A4C1F9EA2F8FBBA20057BC3F /* Sources */,
				A4C1F9EB2F8FBBA20057BC3F /* Frameworks */,
				A4C1F9EC2F8FBBA20057BC3F /* Resources */,
				A48549FB2F912DC100663540 /* Embed Foundation Extensions */,
			);
			buildRules = (
			);
			dependencies = (
				A48549F52F912DC100663540 /* PBXTargetDependency */,
			);
			fileSystemSynchronizedGroups = (
				A4C1F9F02F8FBBA20057BC3F /* ShoppingReminder */,
			);
			name = ShoppingReminder;
			packageProductDependencies = (
				A4C1FA322F8FC2AF0057BC3F /* Supabase */,
			);
			productName = ShoppingReminder;
			productReference = A4C1F9EE2F8FBBA20057BC3F /* ShoppingReminder.app */;
			productType = "com.apple.product-type.application";
		};
		A4C1F9FA2F8FBBA30057BC3F /* ShoppingReminderTests */ = {
			isa = PBXNativeTarget;
			buildConfigurationList = A4C1FA122F8FBBA30057BC3F /* Build configuration list for PBXNativeTarget "ShoppingReminderTests" */;
			buildPhases = (
				A4C1F9F72F8FBBA30057BC3F /* Sources */,
				A4C1F9F82F8FBBA30057BC3F /* Frameworks */,
				A4C1F9F92F8FBBA30057BC3F /* Resources */,
			);
			buildRules = (
			);
			dependencies = (
				A4C1F9FD2F8FBBA30057BC3F /* PBXTargetDependency */,
			);
			fileSystemSynchronizedGroups = (
				A4C1F9FE2F8FBBA30057BC3F /* ShoppingReminderTests */,
			);
			name = ShoppingReminderTests;
			packageProductDependencies = (
			);
			productName = ShoppingReminderTests;
			productReference = A4C1F9FB2F8FBBA30057BC3F /* ShoppingReminderTests.xctest */;
			productType = "com.apple.product-type.bundle.unit-test";
		};
		A4C1FA042F8FBBA30057BC3F /* ShoppingReminderUITests */ = {
			isa = PBXNativeTarget;
			buildConfigurationList = A4C1FA152F8FBBA30057BC3F /* Build configuration list for PBXNativeTarget "ShoppingReminderUITests" */;
			buildPhases = (
				A4C1FA012F8FBBA30057BC3F /* Sources */,
				A4C1FA022F8FBBA30057BC3F /* Frameworks */,
				A4C1FA032F8FBBA30057BC3F /* Resources */,
			);
			buildRules = (
			);
			dependencies = (
				A4C1FA072F8FBBA30057BC3F /* PBXTargetDependency */,
			);
			fileSystemSynchronizedGroups = (
				A4C1FA082F8FBBA30057BC3F /* ShoppingReminderUITests */,
			);
			name = ShoppingReminderUITests;
			packageProductDependencies = (
			);
			productName = ShoppingReminderUITests;
			productReference = A4C1FA052F8FBBA30057BC3F /* ShoppingReminderUITests.xctest */;
			productType = "com.apple.product-type.bundle.ui-testing";
		};
/* End PBXNativeTarget section */

/* Begin PBXProject section */
		A4C1F9E62F8FBBA20057BC3F /* Project object */ = {
			isa = PBXProject;
			attributes = {
				BuildIndependentTargetsInParallel = 1;
				LastSwiftUpdateCheck = 2640;
				LastUpgradeCheck = 2640;
				TargetAttributes = {
					A48549E42F912DC000663540 = {
						CreatedOnToolsVersion = 26.4;
					};
					A4C1F9ED2F8FBBA20057BC3F = {
						CreatedOnToolsVersion = 26.4;
					};
					A4C1F9FA2F8FBBA30057BC3F = {
						CreatedOnToolsVersion = 26.4;
						TestTargetID = A4C1F9ED2F8FBBA20057BC3F;
					};
					A4C1FA042F8FBBA30057BC3F = {
						CreatedOnToolsVersion = 26.4;
						TestTargetID = A4C1F9ED2F8FBBA20057BC3F;
					};
				};
			};
			buildConfigurationList = A4C1F9E92F8FBBA20057BC3F /* Build configuration list for PBXProject "ShoppingReminder" */;
			developmentRegion = en;
			hasScannedForEncodings = 0;
			knownRegions = (
				en,
				Base,
			);
			mainGroup = A4C1F9E52F8FBBA20057BC3F;
			minimizedProjectReferenceProxies = 1;
			packageReferences = (
				A4C1FA182F8FBD0A0057BC3F /* XCRemoteSwiftPackageReference "supabase-swift" */,
			);
			preferredProjectObjectVersion = 77;
			productRefGroup = A4C1F9EF2F8FBBA20057BC3F /* Products */;
			projectDirPath = "";
			projectRoot = "";
			targets = (
				A4C1F9ED2F8FBBA20057BC3F /* ShoppingReminder */,
				A4C1F9FA2F8FBBA30057BC3F /* ShoppingReminderTests */,
				A4C1FA042F8FBBA30057BC3F /* ShoppingReminderUITests */,
				A48549E42F912DC000663540 /* ShoppingReminderWidgetExtension */,
			);
		};
/* End PBXProject section */

/* Begin PBXResourcesBuildPhase section */
		A48549E32F912DC000663540 /* Resources */ = {
			isa = PBXResourcesBuildPhase;
			buildActionMask = 2147483647;
			files = (
			);
			runOnlyForDeploymentPostprocessing = 0;
		};
		A4C1F9EC2F8FBBA20057BC3F /* Resources */ = {
			isa = PBXResourcesBuildPhase;
			buildActionMask = 2147483647;
			files = (
			);
			runOnlyForDeploymentPostprocessing = 0;
		};
		A4C1F9F92F8FBBA30057BC3F /* Resources */ = {
			isa = PBXResourcesBuildPhase;
			buildActionMask = 2147483647;
			files = (
			);
			runOnlyForDeploymentPostprocessing = 0;
		};
		A4C1FA032F8FBBA30057BC3F /* Resources */ = {
			isa = PBXResourcesBuildPhase;
			buildActionMask = 2147483647;
			files = (
			);
			runOnlyForDeploymentPostprocessing = 0;
		};
/* End PBXResourcesBuildPhase section */

/* Begin PBXSourcesBuildPhase section */
		A48549E12F912DC000663540 /* Sources */ = {
			isa = PBXSourcesBuildPhase;
			buildActionMask = 2147483647;
			files = (
			);
			runOnlyForDeploymentPostprocessing = 0;
		};
		A4C1F9EA2F8FBBA20057BC3F /* Sources */ = {
			isa = PBXSourcesBuildPhase;
			buildActionMask = 2147483647;
			files = (
			);
			runOnlyForDeploymentPostprocessing = 0;
		};
		A4C1F9F72F8FBBA30057BC3F /* Sources */ = {
			isa = PBXSourcesBuildPhase;
			buildActionMask = 2147483647;
			files = (
			);
			runOnlyForDeploymentPostprocessing = 0;
		};
		A4C1FA012F8FBBA30057BC3F /* Sources */ = {
			isa = PBXSourcesBuildPhase;
			buildActionMask = 2147483647;
			files = (
			);
			runOnlyForDeploymentPostprocessing = 0;
		};
/* End PBXSourcesBuildPhase section */

/* Begin PBXTargetDependency section */
		A48549F52F912DC100663540 /* PBXTargetDependency */ = {
			isa = PBXTargetDependency;
			target = A48549E42F912DC000663540 /* ShoppingReminderWidgetExtension */;
			targetProxy = A48549F42F912DC100663540 /* PBXContainerItemProxy */;
		};
		A4C1F9FD2F8FBBA30057BC3F /* PBXTargetDependency */ = {
			isa = PBXTargetDependency;
			target = A4C1F9ED2F8FBBA20057BC3F /* ShoppingReminder */;
			targetProxy = A4C1F9FC2F8FBBA30057BC3F /* PBXContainerItemProxy */;
		};
		A4C1FA072F8FBBA30057BC3F /* PBXTargetDependency */ = {
			isa = PBXTargetDependency;
			target = A4C1F9ED2F8FBBA20057BC3F /* ShoppingReminder */;
			targetProxy = A4C1FA062F8FBBA30057BC3F /* PBXContainerItemProxy */;
		};
/* End PBXTargetDependency section */

/* Begin XCBuildConfiguration section */
		A48549F92F912DC100663540 /* Debug */ = {
			isa = XCBuildConfiguration;
			buildSettings = {
				ASSETCATALOG_COMPILER_GLOBAL_ACCENT_COLOR_NAME = AccentColor;
				ASSETCATALOG_COMPILER_WIDGET_BACKGROUND_COLOR_NAME = WidgetBackground;
				CODE_SIGN_ENTITLEMENTS = ShoppingReminderWidgetExtension.entitlements;
				CODE_SIGN_STYLE = Automatic;
				CURRENT_PROJECT_VERSION = 2;
				DEVELOPMENT_TEAM = M433M58324;
				GENERATE_INFOPLIST_FILE = YES;
				INFOPLIST_FILE = ShoppingReminderWidget/Info.plist;
				INFOPLIST_KEY_CFBundleDisplayName = ShoppingReminderWidget;
				INFOPLIST_KEY_NSHumanReadableCopyright = "";
				IPHONEOS_DEPLOYMENT_TARGET = 16.6;
				LD_RUNPATH_SEARCH_PATHS = (
					"$(inherited)",
					"@executable_path/Frameworks",
					"@executable_path/../../Frameworks",
				);
				MARKETING_VERSION = 1.0;
				PRODUCT_BUNDLE_IDENTIFIER = com.kazuma.ShoppingReminder2.ShoppingReminderWidget;
				PRODUCT_NAME = "$(TARGET_NAME)";
				SDKROOT = xros;
				SKIP_INSTALL = YES;
				STRING_CATALOG_GENERATE_SYMBOLS = YES;
				SUPPORTED_PLATFORMS = "iphoneos iphonesimulator";
				SUPPORTS_MACCATALYST = NO;
				SWIFT_APPROACHABLE_CONCURRENCY = YES;
				SWIFT_EMIT_LOC_STRINGS = YES;
				SWIFT_UPCOMING_FEATURE_MEMBER_IMPORT_VISIBILITY = YES;
				SWIFT_VERSION = 5.0;
				TARGETED_DEVICE_FAMILY = "1,2";
				XROS_DEPLOYMENT_TARGET = 26.4;
			};
			name = Debug;
		};
		A48549FA2F912DC100663540 /* Release */ = {
			isa = XCBuildConfiguration;
			buildSettings = {
				ASSETCATALOG_COMPILER_GLOBAL_ACCENT_COLOR_NAME = AccentColor;
				ASSETCATALOG_COMPILER_WIDGET_BACKGROUND_COLOR_NAME = WidgetBackground;
				CODE_SIGN_ENTITLEMENTS = ShoppingReminderWidgetExtension.entitlements;
				CODE_SIGN_STYLE = Automatic;
				CURRENT_PROJECT_VERSION = 2;
				DEVELOPMENT_TEAM = M433M58324;
				GENERATE_INFOPLIST_FILE = YES;
				INFOPLIST_FILE = ShoppingReminderWidget/Info.plist;
				INFOPLIST_KEY_CFBundleDisplayName = ShoppingReminderWidget;
				INFOPLIST_KEY_NSHumanReadableCopyright = "";
				IPHONEOS_DEPLOYMENT_TARGET = 16.6;
				LD_RUNPATH_SEARCH_PATHS = (
					"$(inherited)",
					"@executable_path/Frameworks",
					"@executable_path/../../Frameworks",
				);
				MARKETING_VERSION = 1.0;
				PRODUCT_BUNDLE_IDENTIFIER = com.kazuma.ShoppingReminder2.ShoppingReminderWidget;
				PRODUCT_NAME = "$(TARGET_NAME)";
				SDKROOT = xros;
				SKIP_INSTALL = YES;
				STRING_CATALOG_GENERATE_SYMBOLS = YES;
				SUPPORTED_PLATFORMS = "iphoneos iphonesimulator";
				SUPPORTS_MACCATALYST = NO;
				SWIFT_APPROACHABLE_CONCURRENCY = YES;
				SWIFT_EMIT_LOC_STRINGS = YES;
				SWIFT_UPCOMING_FEATURE_MEMBER_IMPORT_VISIBILITY = YES;
				SWIFT_VERSION = 5.0;
				TARGETED_DEVICE_FAMILY = "1,2";
				VALIDATE_PRODUCT = YES;
				XROS_DEPLOYMENT_TARGET = 26.4;
			};
			name = Release;
		};
		A4C1FA0D2F8FBBA30057BC3F /* Debug */ = {
			isa = XCBuildConfiguration;
			buildSettings = {
				ALWAYS_SEARCH_USER_PATHS = NO;
				ASSETCATALOG_COMPILER_GENERATE_SWIFT_ASSET_SYMBOL_EXTENSIONS = YES;
				CLANG_ANALYZER_NONNULL = YES;
				CLANG_ANALYZER_NUMBER_OBJECT_CONVERSION = YES_AGGRESSIVE;
				CLANG_CXX_LANGUAGE_STANDARD = "gnu++20";
				CLANG_ENABLE_MODULES = YES;
				CLANG_ENABLE_OBJC_ARC = YES;
				CLANG_ENABLE_OBJC_WEAK = YES;
				CLANG_WARN_BLOCK_CAPTURE_AUTORELEASING = YES;
				CLANG_WARN_BOOL_CONVERSION = YES;
				CLANG_WARN_COMMA = YES;
				CLANG_WARN_CONSTANT_CONVERSION = YES;
				CLANG_WARN_DEPRECATED_OBJC_IMPLEMENTATIONS = YES;
				CLANG_WARN_DIRECT_OBJC_ISA_USAGE = YES_ERROR;
				CLANG_WARN_DOCUMENTATION_COMMENTS = YES;
				CLANG_WARN_EMPTY_BODY = YES;
				CLANG_WARN_ENUM_CONVERSION = YES;
				CLANG_WARN_INFINITE_RECURSION = YES;
				CLANG_WARN_INT_CONVERSION = YES;
				CLANG_WARN_NON_LITERAL_NULL_CONVERSION = YES;
				CLANG_WARN_OBJC_IMPLICIT_RETAIN_SELF = YES;
				CLANG_WARN_OBJC_LITERAL_CONVERSION = YES;
				CLANG_WARN_OBJC_ROOT_CLASS = YES_ERROR;
				CLANG_WARN_QUOTED_INCLUDE_IN_FRAMEWORK_HEADER = YES;
				CLANG_WARN_RANGE_LOOP_ANALYSIS = YES;
				CLANG_WARN_STRICT_PROTOTYPES = YES;
				CLANG_WARN_SUSPICIOUS_MOVE = YES;
				CLANG_WARN_UNGUARDED_AVAILABILITY = YES_AGGRESSIVE;
				CLANG_WARN_UNREACHABLE_CODE = YES;
				CLANG_WARN__DUPLICATE_METHOD_MATCH = YES;
				COPY_PHASE_STRIP = NO;
				DEBUG_INFORMATION_FORMAT = dwarf;
				DEVELOPMENT_TEAM = M433M58324;
				ENABLE_STRICT_OBJC_MSGSEND = YES;
				ENABLE_TESTABILITY = YES;
				ENABLE_USER_SCRIPT_SANDBOXING = YES;
				GCC_C_LANGUAGE_STANDARD = gnu17;
				GCC_DYNAMIC_NO_PIC = NO;
				GCC_NO_COMMON_BLOCKS = YES;
				GCC_OPTIMIZATION_LEVEL = 0;
				GCC_PREPROCESSOR_DEFINITIONS = (
					"DEBUG=1",
					"$(inherited)",
				);
				GCC_WARN_64_TO_32_BIT_CONVERSION = YES;
				GCC_WARN_ABOUT_RETURN_TYPE = YES_ERROR;
				GCC_WARN_UNDECLARED_SELECTOR = YES;
				GCC_WARN_UNINITIALIZED_AUTOS = YES_AGGRESSIVE;
				GCC_WARN_UNUSED_FUNCTION = YES;
				GCC_WARN_UNUSED_VARIABLE = YES;
				LOCALIZATION_PREFERS_STRING_CATALOGS = YES;
				MTL_ENABLE_DEBUG_INFO = INCLUDE_SOURCE;
				MTL_FAST_MATH = YES;
				ONLY_ACTIVE_ARCH = YES;
				SWIFT_ACTIVE_COMPILATION_CONDITIONS = "DEBUG $(inherited)";
				SWIFT_OPTIMIZATION_LEVEL = "-Onone";
			};
			name = Debug;
		};
		A4C1FA0E2F8FBBA30057BC3F /* Release */ = {
			isa = XCBuildConfiguration;
			buildSettings = {
				ALWAYS_SEARCH_USER_PATHS = NO;
				ASSETCATALOG_COMPILER_GENERATE_SWIFT_ASSET_SYMBOL_EXTENSIONS = YES;
				CLANG_ANALYZER_NONNULL = YES;
				CLANG_ANALYZER_NUMBER_OBJECT_CONVERSION = YES_AGGRESSIVE;
				CLANG_CXX_LANGUAGE_STANDARD = "gnu++20";
				CLANG_ENABLE_MODULES = YES;
				CLANG_ENABLE_OBJC_ARC = YES;
				CLANG_ENABLE_OBJC_WEAK = YES;
				CLANG_WARN_BLOCK_CAPTURE_AUTORELEASING = YES;
				CLANG_WARN_BOOL_CONVERSION = YES;
				CLANG_WARN_COMMA = YES;
				CLANG_WARN_CONSTANT_CONVERSION = YES;
				CLANG_WARN_DEPRECATED_OBJC_IMPLEMENTATIONS = YES;
				CLANG_WARN_DIRECT_OBJC_ISA_USAGE = YES_ERROR;
				CLANG_WARN_DOCUMENTATION_COMMENTS = YES;
				CLANG_WARN_EMPTY_BODY = YES;
				CLANG_WARN_ENUM_CONVERSION = YES;
				CLANG_WARN_INFINITE_RECURSION = YES;
				CLANG_WARN_INT_CONVERSION = YES;
				CLANG_WARN_NON_LITERAL_NULL_CONVERSION = YES;
				CLANG_WARN_OBJC_IMPLICIT_RETAIN_SELF = YES;
				CLANG_WARN_OBJC_LITERAL_CONVERSION = YES;
				CLANG_WARN_OBJC_ROOT_CLASS = YES_ERROR;
				CLANG_WARN_QUOTED_INCLUDE_IN_FRAMEWORK_HEADER = YES;
				CLANG_WARN_RANGE_LOOP_ANALYSIS = YES;
				CLANG_WARN_STRICT_PROTOTYPES = YES;
				CLANG_WARN_SUSPICIOUS_MOVE = YES;
				CLANG_WARN_UNGUARDED_AVAILABILITY = YES_AGGRESSIVE;
				CLANG_WARN_UNREACHABLE_CODE = YES;
				CLANG_WARN__DUPLICATE_METHOD_MATCH = YES;
				COPY_PHASE_STRIP = NO;
				DEBUG_INFORMATION_FORMAT = "dwarf-with-dsym";
				DEVELOPMENT_TEAM = M433M58324;
				ENABLE_NS_ASSERTIONS = NO;
				ENABLE_STRICT_OBJC_MSGSEND = YES;
				ENABLE_USER_SCRIPT_SANDBOXING = YES;
				GCC_C_LANGUAGE_STANDARD = gnu17;
				GCC_NO_COMMON_BLOCKS = YES;
				GCC_WARN_64_TO_32_BIT_CONVERSION = YES;
				GCC_WARN_ABOUT_RETURN_TYPE = YES_ERROR;
				GCC_WARN_UNDECLARED_SELECTOR = YES;
				GCC_WARN_UNINITIALIZED_AUTOS = YES_AGGRESSIVE;
				GCC_WARN_UNUSED_FUNCTION = YES;
				GCC_WARN_UNUSED_VARIABLE = YES;
				LOCALIZATION_PREFERS_STRING_CATALOGS = YES;
				MTL_ENABLE_DEBUG_INFO = NO;
				MTL_FAST_MATH = YES;
				SWIFT_COMPILATION_MODE = wholemodule;
			};
			name = Release;
		};
		A4C1FA102F8FBBA30057BC3F /* Debug */ = {
			isa = XCBuildConfiguration;
			buildSettings = {
				ASSETCATALOG_COMPILER_APPICON_NAME = AppIcon;
				ASSETCATALOG_COMPILER_GLOBAL_ACCENT_COLOR_NAME = AccentColor;
				CODE_SIGN_ENTITLEMENTS = ShoppingReminder/ShoppingReminder.entitlements;
				CODE_SIGN_IDENTITY = "Apple Development";
				CODE_SIGN_STYLE = Automatic;
				CURRENT_PROJECT_VERSION = 2;
				DEVELOPMENT_TEAM = M433M58324;
				ENABLE_APP_SANDBOX = YES;
				ENABLE_HARDENED_RUNTIME = YES;
				ENABLE_PREVIEWS = YES;
				ENABLE_USER_SELECTED_FILES = readonly;
				GENERATE_INFOPLIST_FILE = YES;
				INFOPLIST_FILE = ShoppingReminder/Info.plist;
				"INFOPLIST_KEY_UIApplicationSceneManifest_Generation[sdk=iphoneos*]" = YES;
				"INFOPLIST_KEY_UIApplicationSceneManifest_Generation[sdk=iphonesimulator*]" = YES;
				"INFOPLIST_KEY_UIApplicationSupportsIndirectInputEvents[sdk=iphoneos*]" = YES;
				"INFOPLIST_KEY_UIApplicationSupportsIndirectInputEvents[sdk=iphonesimulator*]" = YES;
				"INFOPLIST_KEY_UILaunchScreen_Generation[sdk=iphoneos*]" = YES;
				"INFOPLIST_KEY_UILaunchScreen_Generation[sdk=iphonesimulator*]" = YES;
				"INFOPLIST_KEY_UIStatusBarStyle[sdk=iphoneos*]" = UIStatusBarStyleDefault;
				"INFOPLIST_KEY_UIStatusBarStyle[sdk=iphonesimulator*]" = UIStatusBarStyleDefault;
				INFOPLIST_KEY_UISupportedInterfaceOrientations_iPad = "UIInterfaceOrientationPortrait UIInterfaceOrientationPortraitUpsideDown UIInterfaceOrientationLandscapeLeft UIInterfaceOrientationLandscapeRight";
				INFOPLIST_KEY_UISupportedInterfaceOrientations_iPhone = "UIInterfaceOrientationPortrait UIInterfaceOrientationLandscapeLeft UIInterfaceOrientationLandscapeRight";
				IPHONEOS_DEPLOYMENT_TARGET = 16.6;
				LD_RUNPATH_SEARCH_PATHS = "@executable_path/Frameworks";
				"LD_RUNPATH_SEARCH_PATHS[sdk=macosx*]" = "@executable_path/../Frameworks";
				MACOSX_DEPLOYMENT_TARGET = 26.4;
				MARKETING_VERSION = 1.0;
				PRODUCT_BUNDLE_IDENTIFIER = com.kazuma.ShoppingReminder2;
				PRODUCT_NAME = "$(TARGET_NAME)";
				PROVISIONING_PROFILE_SPECIFIER = "";
				REGISTER_APP_GROUPS = YES;
				SDKROOT = auto;
				STRING_CATALOG_GENERATE_SYMBOLS = YES;
				SUPPORTED_PLATFORMS = "iphoneos iphonesimulator";
				SUPPORTS_MACCATALYST = NO;
				SWIFT_APPROACHABLE_CONCURRENCY = YES;
				SWIFT_DEFAULT_ACTOR_ISOLATION = MainActor;
				SWIFT_EMIT_LOC_STRINGS = YES;
				SWIFT_UPCOMING_FEATURE_MEMBER_IMPORT_VISIBILITY = YES;
				SWIFT_VERSION = 5.0;
				TARGETED_DEVICE_FAMILY = "1,2";
				XROS_DEPLOYMENT_TARGET = 26.4;
			};
			name = Debug;
		};
		A4C1FA112F8FBBA30057BC3F /* Release */ = {
			isa = XCBuildConfiguration;
			buildSettings = {
				ASSETCATALOG_COMPILER_APPICON_NAME = AppIcon;
				ASSETCATALOG_COMPILER_GLOBAL_ACCENT_COLOR_NAME = AccentColor;
				CODE_SIGN_ENTITLEMENTS = ShoppingReminder/ShoppingReminder.entitlements;
				CODE_SIGN_IDENTITY = "Apple Development";
				CODE_SIGN_STYLE = Automatic;
				CURRENT_PROJECT_VERSION = 2;
				DEVELOPMENT_TEAM = M433M58324;
				ENABLE_APP_SANDBOX = YES;
				ENABLE_HARDENED_RUNTIME = YES;
				ENABLE_PREVIEWS = YES;
				ENABLE_USER_SELECTED_FILES = readonly;
				GENERATE_INFOPLIST_FILE = YES;
				INFOPLIST_FILE = ShoppingReminder/Info.plist;
				"INFOPLIST_KEY_UIApplicationSceneManifest_Generation[sdk=iphoneos*]" = YES;
				"INFOPLIST_KEY_UIApplicationSceneManifest_Generation[sdk=iphonesimulator*]" = YES;
				"INFOPLIST_KEY_UIApplicationSupportsIndirectInputEvents[sdk=iphoneos*]" = YES;
				"INFOPLIST_KEY_UIApplicationSupportsIndirectInputEvents[sdk=iphonesimulator*]" = YES;
				"INFOPLIST_KEY_UILaunchScreen_Generation[sdk=iphoneos*]" = YES;
				"INFOPLIST_KEY_UILaunchScreen_Generation[sdk=iphonesimulator*]" = YES;
				"INFOPLIST_KEY_UIStatusBarStyle[sdk=iphoneos*]" = UIStatusBarStyleDefault;
				"INFOPLIST_KEY_UIStatusBarStyle[sdk=iphonesimulator*]" = UIStatusBarStyleDefault;
				INFOPLIST_KEY_UISupportedInterfaceOrientations_iPad = "UIInterfaceOrientationPortrait UIInterfaceOrientationPortraitUpsideDown UIInterfaceOrientationLandscapeLeft UIInterfaceOrientationLandscapeRight";
				INFOPLIST_KEY_UISupportedInterfaceOrientations_iPhone = "UIInterfaceOrientationPortrait UIInterfaceOrientationLandscapeLeft UIInterfaceOrientationLandscapeRight";
				IPHONEOS_DEPLOYMENT_TARGET = 16.6;
				LD_RUNPATH_SEARCH_PATHS = "@executable_path/Frameworks";
				"LD_RUNPATH_SEARCH_PATHS[sdk=macosx*]" = "@executable_path/../Frameworks";
				MACOSX_DEPLOYMENT_TARGET = 26.4;
				MARKETING_VERSION = 1.0;
				PRODUCT_BUNDLE_IDENTIFIER = com.kazuma.ShoppingReminder2;
				PRODUCT_NAME = "$(TARGET_NAME)";
				PROVISIONING_PROFILE_SPECIFIER = "";
				REGISTER_APP_GROUPS = YES;
				SDKROOT = auto;
				STRING_CATALOG_GENERATE_SYMBOLS = YES;
				SUPPORTED_PLATFORMS = "iphoneos iphonesimulator";
				SUPPORTS_MACCATALYST = NO;
				SWIFT_APPROACHABLE_CONCURRENCY = YES;
				SWIFT_DEFAULT_ACTOR_ISOLATION = MainActor;
				SWIFT_EMIT_LOC_STRINGS = YES;
				SWIFT_UPCOMING_FEATURE_MEMBER_IMPORT_VISIBILITY = YES;
				SWIFT_VERSION = 5.0;
				TARGETED_DEVICE_FAMILY = "1,2";
				XROS_DEPLOYMENT_TARGET = 26.4;
			};
			name = Release;
		};
		A4C1FA132F8FBBA30057BC3F /* Debug */ = {
			isa = XCBuildConfiguration;
			buildSettings = {
				BUNDLE_LOADER = "$(TEST_HOST)";
				CODE_SIGN_STYLE = Automatic;
				CURRENT_PROJECT_VERSION = 2;
				DEVELOPMENT_TEAM = M433M58324;
				GENERATE_INFOPLIST_FILE = YES;
				IPHONEOS_DEPLOYMENT_TARGET = 26.4;
				MACOSX_DEPLOYMENT_TARGET = 26.4;
				MARKETING_VERSION = 1.0;
				PRODUCT_BUNDLE_IDENTIFIER = com.kazuma.ShoppingReminderTests;
				PRODUCT_NAME = "$(TARGET_NAME)";
				SDKROOT = auto;
				STRING_CATALOG_GENERATE_SYMBOLS = NO;
				SUPPORTED_PLATFORMS = "iphoneos iphonesimulator";
				SUPPORTS_MACCATALYST = NO;
				SWIFT_APPROACHABLE_CONCURRENCY = YES;
				SWIFT_EMIT_LOC_STRINGS = NO;
				SWIFT_UPCOMING_FEATURE_MEMBER_IMPORT_VISIBILITY = YES;
				SWIFT_VERSION = 5.0;
				TARGETED_DEVICE_FAMILY = "1,2";
				TEST_HOST = "$(BUILT_PRODUCTS_DIR)/ShoppingReminder.app/$(BUNDLE_EXECUTABLE_FOLDER_PATH)/ShoppingReminder";
				XROS_DEPLOYMENT_TARGET = 26.4;
			};
			name = Debug;
		};
		A4C1FA142F8FBBA30057BC3F /* Release */ = {
			isa = XCBuildConfiguration;
			buildSettings = {
				BUNDLE_LOADER = "$(TEST_HOST)";
				CODE_SIGN_STYLE = Automatic;
				CURRENT_PROJECT_VERSION = 2;
				DEVELOPMENT_TEAM = M433M58324;
				GENERATE_INFOPLIST_FILE = YES;
				IPHONEOS_DEPLOYMENT_TARGET = 26.4;
				MACOSX_DEPLOYMENT_TARGET = 26.4;
				MARKETING_VERSION = 1.0;
				PRODUCT_BUNDLE_IDENTIFIER = com.kazuma.ShoppingReminderTests;
				PRODUCT_NAME = "$(TARGET_NAME)";
				SDKROOT = auto;
				STRING_CATALOG_GENERATE_SYMBOLS = NO;
				SUPPORTED_PLATFORMS = "iphoneos iphonesimulator";
				SUPPORTS_MACCATALYST = NO;
				SWIFT_APPROACHABLE_CONCURRENCY = YES;
				SWIFT_EMIT_LOC_STRINGS = NO;
				SWIFT_UPCOMING_FEATURE_MEMBER_IMPORT_VISIBILITY = YES;
				SWIFT_VERSION = 5.0;
				TARGETED_DEVICE_FAMILY = "1,2";
				TEST_HOST = "$(BUILT_PRODUCTS_DIR)/ShoppingReminder.app/$(BUNDLE_EXECUTABLE_FOLDER_PATH)/ShoppingReminder";
				XROS_DEPLOYMENT_TARGET = 26.4;
			};
			name = Release;
		};
		A4C1FA162F8FBBA30057BC3F /* Debug */ = {
			isa = XCBuildConfiguration;
			buildSettings = {
				CODE_SIGN_STYLE = Automatic;
				CURRENT_PROJECT_VERSION = 2;
				DEVELOPMENT_TEAM = M433M58324;
				GENERATE_INFOPLIST_FILE = YES;
				IPHONEOS_DEPLOYMENT_TARGET = 26.4;
				MACOSX_DEPLOYMENT_TARGET = 26.4;
				MARKETING_VERSION = 1.0;
				PRODUCT_BUNDLE_IDENTIFIER = com.kazuma.ShoppingReminderUITests;
				PRODUCT_NAME = "$(TARGET_NAME)";
				SDKROOT = auto;
				STRING_CATALOG_GENERATE_SYMBOLS = NO;
				SUPPORTED_PLATFORMS = "iphoneos iphonesimulator macosx xros xrsimulator";
				SWIFT_APPROACHABLE_CONCURRENCY = YES;
				SWIFT_EMIT_LOC_STRINGS = NO;
				SWIFT_UPCOMING_FEATURE_MEMBER_IMPORT_VISIBILITY = YES;
				SWIFT_VERSION = 5.0;
				TARGETED_DEVICE_FAMILY = "1,2,7";
				TEST_TARGET_NAME = ShoppingReminder;
				XROS_DEPLOYMENT_TARGET = 26.4;
			};
			name = Debug;
		};
		A4C1FA172F8FBBA30057BC3F /* Release */ = {
			isa = XCBuildConfiguration;
			buildSettings = {
				CODE_SIGN_STYLE = Automatic;
				CURRENT_PROJECT_VERSION = 2;
				DEVELOPMENT_TEAM = M433M58324;
				GENERATE_INFOPLIST_FILE = YES;
				IPHONEOS_DEPLOYMENT_TARGET = 26.4;
				MACOSX_DEPLOYMENT_TARGET = 26.4;
				MARKETING_VERSION = 1.0;
				PRODUCT_BUNDLE_IDENTIFIER = com.kazuma.ShoppingReminderUITests;
				PRODUCT_NAME = "$(TARGET_NAME)";
				SDKROOT = auto;
				STRING_CATALOG_GENERATE_SYMBOLS = NO;
				SUPPORTED_PLATFORMS = "iphoneos iphonesimulator macosx xros xrsimulator";
				SWIFT_APPROACHABLE_CONCURRENCY = YES;
				SWIFT_EMIT_LOC_STRINGS = NO;
				SWIFT_UPCOMING_FEATURE_MEMBER_IMPORT_VISIBILITY = YES;
				SWIFT_VERSION = 5.0;
				TARGETED_DEVICE_FAMILY = "1,2,7";
				TEST_TARGET_NAME = ShoppingReminder;
				XROS_DEPLOYMENT_TARGET = 26.4;
			};
			name = Release;
		};
/* End XCBuildConfiguration section */

/* Begin XCConfigurationList section */
		A48549F82F912DC100663540 /* Build configuration list for PBXNativeTarget "ShoppingReminderWidgetExtension" */ = {
			isa = XCConfigurationList;
			buildConfigurations = (
				A48549F92F912DC100663540 /* Debug */,
				A48549FA2F912DC100663540 /* Release */,
			);
			defaultConfigurationIsVisible = 0;
			defaultConfigurationName = Release;
		};
		A4C1F9E92F8FBBA20057BC3F /* Build configuration list for PBXProject "ShoppingReminder" */ = {
			isa = XCConfigurationList;
			buildConfigurations = (
				A4C1FA0D2F8FBBA30057BC3F /* Debug */,
				A4C1FA0E2F8FBBA30057BC3F /* Release */,
			);
			defaultConfigurationIsVisible = 0;
			defaultConfigurationName = Release;
		};
		A4C1FA0F2F8FBBA30057BC3F /* Build configuration list for PBXNativeTarget "ShoppingReminder" */ = {
			isa = XCConfigurationList;
			buildConfigurations = (
				A4C1FA102F8FBBA30057BC3F /* Debug */,
				A4C1FA112F8FBBA30057BC3F /* Release */,
			);
			defaultConfigurationIsVisible = 0;
			defaultConfigurationName = Release;
		};
		A4C1FA122F8FBBA30057BC3F /* Build configuration list for PBXNativeTarget "ShoppingReminderTests" */ = {
			isa = XCConfigurationList;
			buildConfigurations = (
				A4C1FA132F8FBBA30057BC3F /* Debug */,
				A4C1FA142F8FBBA30057BC3F /* Release */,
			);
			defaultConfigurationIsVisible = 0;
			defaultConfigurationName = Release;
		};
		A4C1FA152F8FBBA30057BC3F /* Build configuration list for PBXNativeTarget "ShoppingReminderUITests" */ = {
			isa = XCConfigurationList;
			buildConfigurations = (
				A4C1FA162F8FBBA30057BC3F /* Debug */,
				A4C1FA172F8FBBA30057BC3F /* Release */,
			);
			defaultConfigurationIsVisible = 0;
			defaultConfigurationName = Release;
		};
/* End XCConfigurationList section */

/* Begin XCRemoteSwiftPackageReference section */
		A4C1FA182F8FBD0A0057BC3F /* XCRemoteSwiftPackageReference "supabase-swift" */ = {
			isa = XCRemoteSwiftPackageReference;
			repositoryURL = "https://github.com/supabase-community/supabase-swift";
			requirement = {
				kind = upToNextMajorVersion;
				minimumVersion = 2.5.1;
			};
		};
/* End XCRemoteSwiftPackageReference section */

/* Begin XCSwiftPackageProductDependency section */
		A4C1FA322F8FC2AF0057BC3F /* Supabase */ = {
			isa = XCSwiftPackageProductDependency;
			package = A4C1FA182F8FBD0A0057BC3F /* XCRemoteSwiftPackageReference "supabase-swift" */;
			productName = Supabase;
		};
/* End XCSwiftPackageProductDependency section */
	};
	rootObject = A4C1F9E62F8FBBA20057BC3F /* Project object */;
}
